
Microsoft Visual Studio Solution File, Format Version 12.00
# Visual Studio Version 17
VisualStudioVersion = 17.3.32825.248
MinimumVisualStudioVersion = 10.0.40219.1
Project("{9A19103F-16F7-4668-BE54-9A1E7A4F7556}") = "WKa3InnuvaGetTokenSample", "WKa3InnuvaGetTokenSample\WKa3InnuvaGetTokenSample.csproj", "{DBD93A87-F58E-4798-8326-0BF301956EB4}"
EndProject
Global
	GlobalSection(SolutionConfigurationPlatforms) = preSolution
		Debug|Any CPU = Debug|Any CPU
		Release|Any CPU = Release|Any CPU
	EndGlobalSection
	GlobalSection(ProjectConfigurationPlatforms) = postSolution
		{DBD93A87-F58E-4798-8326-0BF301956EB4}.Debug|Any CPU.ActiveCfg = Debug|Any CPU
		{DBD93A87-F58E-4798-8326-0BF301956EB4}.Debug|Any CPU.Build.0 = Debug|Any CPU
		{DBD93A87-F58E-4798-8326-0BF301956EB4}.Release|Any CPU.ActiveCfg = Release|Any CPU
		{DBD93A87-F58E-4798-8326-0BF301956EB4}.Release|Any CPU.Build.0 = Release|Any CPU
	EndGlobalSection
	GlobalSection(SolutionProperties) = preSolution
		HideSolutionNode = FALSE
	EndGlobalSection
	GlobalSection(ExtensibilityGlobals) = postSolution
		SolutionGuid = {993966DB-EE02-4F89-9C3D-D026EE8E027E}
	EndGlobalSection
EndGlobal
